
Microsoft Visual Studio Solution File, Format Version 12.00
# Visual Studio Version 16
VisualStudioVersion = 16.0.31702.278
MinimumVisualStudioVersion = 10.0.40219.1
Project("{FAE04EC0-301F-11D3-BF4B-00C04F79EFBC}") = "SimpleGame", "SimpleGame\SimpleGame.csproj", "{85B773FD-3500-4737-9FDE-DFFEF2D1CAEF}"
EndProject
Project("{FAE04EC0-301F-11D3-BF4B-00C04F79EFBC}") = "CrimsonEngine", "CrimsonEngine\CrimsonEngine.csproj", "{9BD0C3B9-CFA5-4986-854D-78F842EBDFD8}"
EndProject
Global
	GlobalSection(SolutionConfigurationPlatforms) = preSolution
		Debug|Any CPU = Debug|Any CPU
		Release|Any CPU = Release|Any CPU
	EndGlobalSection
	GlobalSection(ProjectConfigurationPlatforms) = postSolution
		{85B773FD-3500-4737-9FDE-DFFEF2D1CAEF}.Debug|Any CPU.ActiveCfg = Debug|Any CPU
		{85B773FD-3500-4737-9FDE-DFFEF2D1CAEF}.Debug|Any CPU.Build.0 = Debug|Any CPU
		{85B773FD-3500-4737-9FDE-DFFEF2D1CAEF}.Release|Any CPU.ActiveCfg = Release|Any CPU
		{85B773FD-3500-4737-9FDE-DFFEF2D1CAEF}.Release|Any CPU.Build.0 = Release|Any CPU
		{9BD0C3B9-CFA5-4986-854D-78F842EBDFD8}.Debug|Any CPU.ActiveCfg = Debug|Any CPU
		{9BD0C3B9-CFA5-4986-854D-78F842EBDFD8}.Debug|Any CPU.Build.0 = Debug|Any CPU
		{9BD0C3B9-CFA5-4986-854D-78F842EBDFD8}.Release|Any CPU.ActiveCfg = Release|Any CPU
		{9BD0C3B9-CFA5-4986-854D-78F842EBDFD8}.Release|Any CPU.Build.0 = Release|Any CPU
	EndGlobalSection
	GlobalSection(SolutionProperties) = preSolution
		HideSolutionNode = FALSE
	EndGlobalSection
	GlobalSection(ExtensibilityGlobals) = postSolution
		SolutionGuid = {18D30794-270A-46D1-9A2C-A5DB9AA41386}
	EndGlobalSection
EndGlobal
